
Microsoft Visual Studio Solution File, Format Version 12.00
# Visual Studio Version 17
VisualStudioVersion = 17.0.31903.59
MinimumVisualStudioVersion = 10.0.40219.1
Project("{FAE04EC0-301F-11D3-BF4B-00C04F79EFBC}") = "BlazorApp", "BlazorApp.csproj", "{4AEC0C82-CFB7-474B-8124-374E76E256B6}"
EndProject
Project("{FAE04EC0-301F-11D3-BF4B-00C04F79EFBC}") = "BackendAdapters", "..\BackendAdapters\BackendAdapters.csproj", "{C1B9C09A-63ED-412B-80C2-CBD5DFB69DFF}"
EndProject
Project("{FAE04EC0-301F-11D3-BF4B-00C04F79EFBC}") = "BlazorComponent", "..\BlazorComponent\BlazorComponent.csproj", "{BD9A6D9F-4BF6-40FE-8AD5-E1EFFC95D505}"
EndProject
Global
	GlobalSection(SolutionConfigurationPlatforms) = preSolution
		Debug|Any CPU = Debug|Any CPU
		Release|Any CPU = Release|Any CPU
	EndGlobalSection
	GlobalSection(SolutionProperties) = preSolution
		HideSolutionNode = FALSE
	EndGlobalSection
	GlobalSection(ProjectConfigurationPlatforms) = postSolution
		{4AEC0C82-CFB7-474B-8124-374E76E256B6}.Debug|Any CPU.ActiveCfg = Debug|Any CPU
		{4AEC0C82-CFB7-474B-8124-374E76E256B6}.Debug|Any CPU.Build.0 = Debug|Any CPU
		{4AEC0C82-CFB7-474B-8124-374E76E256B6}.Release|Any CPU.ActiveCfg = Release|Any CPU
		{4AEC0C82-CFB7-474B-8124-374E76E256B6}.Release|Any CPU.Build.0 = Release|Any CPU
		{C1B9C09A-63ED-412B-80C2-CBD5DFB69DFF}.Debug|Any CPU.ActiveCfg = Debug|Any CPU
		{C1B9C09A-63ED-412B-80C2-CBD5DFB69DFF}.Debug|Any CPU.Build.0 = Debug|Any CPU
		{C1B9C09A-63ED-412B-80C2-CBD5DFB69DFF}.Release|Any CPU.ActiveCfg = Release|Any CPU
		{C1B9C09A-63ED-412B-80C2-CBD5DFB69DFF}.Release|Any CPU.Build.0 = Release|Any CPU
		{BD9A6D9F-4BF6-40FE-8AD5-E1EFFC95D505}.Debug|Any CPU.ActiveCfg = Debug|Any CPU
		{BD9A6D9F-4BF6-40FE-8AD5-E1EFFC95D505}.Debug|Any CPU.Build.0 = Debug|Any CPU
		{BD9A6D9F-4BF6-40FE-8AD5-E1EFFC95D505}.Release|Any CPU.ActiveCfg = Release|Any CPU
		{BD9A6D9F-4BF6-40FE-8AD5-E1EFFC95D505}.Release|Any CPU.Build.0 = Release|Any CPU
	EndGlobalSection
EndGlobal
