
Microsoft Visual Studio Solution File, Format Version 12.00
Project("{FAE04EC0-301F-11D3-BF4B-00C04F79EFBC}") = "SharpArgsManagerProj", "SharpArgsManagerProj.csproj", "{36B52731-D011-49D3-9F85-7D55A5F2BC44}"
EndProject
Project("{FAE04EC0-301F-11D3-BF4B-00C04F79EFBC}") = "SharpGameSynchProg", "..\..\..\SharpGameSynch\SharpGameSynchProg\SharpGameSynchProg.csproj", "{3D9706D9-751E-451D-8D24-7548B59BF279}"
EndProject
Project("{FAE04EC0-301F-11D3-BF4B-00C04F79EFBC}") = "SharpArgsManagerTests", "..\..\SharpArgsManagerTests\SharpArgsManagerTests.csproj", "{75F04519-2C66-4C12-816C-33C889B5B13B}"
EndProject
Project("{FAE04EC0-301F-11D3-BF4B-00C04F79EFBC}") = "SharpSheetToObjProg", "..\..\..\SharpSheetToObj\SharpSheetToObjProg\SharpSheetToObjProg.csproj", "{BA38F4E5-D81B-460A-85E7-AC0944F42A04}"
EndProject
Global
	GlobalSection(SolutionConfigurationPlatforms) = preSolution
		Debug|Any CPU = Debug|Any CPU
		Release|Any CPU = Release|Any CPU
	EndGlobalSection
	GlobalSection(ProjectConfigurationPlatforms) = postSolution
		{36B52731-D011-49D3-9F85-7D55A5F2BC44}.Debug|Any CPU.ActiveCfg = Debug|Any CPU
		{36B52731-D011-49D3-9F85-7D55A5F2BC44}.Debug|Any CPU.Build.0 = Debug|Any CPU
		{36B52731-D011-49D3-9F85-7D55A5F2BC44}.Release|Any CPU.ActiveCfg = Release|Any CPU
		{36B52731-D011-49D3-9F85-7D55A5F2BC44}.Release|Any CPU.Build.0 = Release|Any CPU
		{3D9706D9-751E-451D-8D24-7548B59BF279}.Debug|Any CPU.ActiveCfg = Debug|Any CPU
		{3D9706D9-751E-451D-8D24-7548B59BF279}.Debug|Any CPU.Build.0 = Debug|Any CPU
		{3D9706D9-751E-451D-8D24-7548B59BF279}.Release|Any CPU.ActiveCfg = Release|Any CPU
		{3D9706D9-751E-451D-8D24-7548B59BF279}.Release|Any CPU.Build.0 = Release|Any CPU
		{75F04519-2C66-4C12-816C-33C889B5B13B}.Debug|Any CPU.ActiveCfg = Debug|Any CPU
		{75F04519-2C66-4C12-816C-33C889B5B13B}.Debug|Any CPU.Build.0 = Debug|Any CPU
		{75F04519-2C66-4C12-816C-33C889B5B13B}.Release|Any CPU.ActiveCfg = Release|Any CPU
		{75F04519-2C66-4C12-816C-33C889B5B13B}.Release|Any CPU.Build.0 = Release|Any CPU
		{BA38F4E5-D81B-460A-85E7-AC0944F42A04}.Debug|Any CPU.ActiveCfg = Debug|Any CPU
		{BA38F4E5-D81B-460A-85E7-AC0944F42A04}.Debug|Any CPU.Build.0 = Debug|Any CPU
		{BA38F4E5-D81B-460A-85E7-AC0944F42A04}.Release|Any CPU.ActiveCfg = Release|Any CPU
		{BA38F4E5-D81B-460A-85E7-AC0944F42A04}.Release|Any CPU.Build.0 = Release|Any CPU
	EndGlobalSection
EndGlobal
